{"SurveyEntry":{"SurveyID":"SV_8rl2b3bXMAIGB1k","SurveyName":"Paxton (2012) Rescue","SurveyDescription":null,"SurveyOwnerID":"UR_b2wYsEpP4nNs1PE","SurveyBrandID":"stanforduniversity","DivisionID":null,"SurveyLanguage":"EN","SurveyActiveResponseSet":"RS_9Ntz9P3CcPed7ts","SurveyStatus":"Active","SurveyStartDate":"0000-00-00 00:00:00","SurveyExpirationDate":"0000-00-00 00:00:00","SurveyCreationDate":"2023-12-04 22:48:24","CreatorID":"UR_b2wYsEpP4nNs1PE","LastModified":"2024-04-17 21:51:41","LastAccessed":"0000-00-00 00:00:00","LastActivated":"2023-12-04 22:57:45","Deleted":null},"SurveyElements":[{"SurveyID":"SV_8rl2b3bXMAIGB1k","Element":"BL","PrimaryAttribute":"Survey Blocks","SecondaryAttribute":null,"TertiaryAttribute":null,"Payload":[{"Type":"Default","Description":"CRT\u00a0","ID":"BL_6VeA4jk3XyWTtFc","BlockElements":[{"Type":"Question","QuestionID":"QID18"},{"Type":"Page Break"},{"Type":"Question","QuestionID":"QID28"},{"Type":"Page Break"},{"Type":"Question","QuestionID":"QID1"},{"Type":"Page Break"},{"Type":"Question","QuestionID":"QID2"},{"Type":"Page Break"},{"Type":"Question","QuestionID":"QID4"},{"Type":"Page Break"},{"Type":"Question","QuestionID":"QID3"}]},{"Type":"Trash","Description":"Trash \/ Unused Questions","ID":"BL_4ONmd0PM9EWy0XY","BlockElements":[]},{"Type":"Standard","SubType":"","Description":"Moral Dilemma A\u00a0","ID":"BL_b4xIbYzH1onaFo2","BlockElements":[{"Type":"Question","QuestionID":"QID6"},{"Type":"Question","QuestionID":"QID7"},{"Type":"Question","QuestionID":"QID8"}]},{"Type":"Standard","SubType":"","Description":"Moral Dilemma B","ID":"BL_6gIBg8XyGaSnJjw","BlockElements":[{"Type":"Question","QuestionID":"QID10"},{"Type":"Question","QuestionID":"QID11"},{"Type":"Question","QuestionID":"QID13"}]},{"Type":"Standard","SubType":"","Description":"Moral Dilemma C","ID":"BL_1TcBjVL9OFTouq2","BlockElements":[{"Type":"Question","QuestionID":"QID14"},{"Type":"Question","QuestionID":"QID15"},{"Type":"Question","QuestionID":"QID16"}]},{"Type":"Standard","SubType":"","Description":"Consent Statement","ID":"BL_e5rsSyD9pUV1gZ8","BlockElements":[{"Type":"Question","QuestionID":"QID17"}]},{"Type":"Standard","SubType":"","Description":"Commitment and Attention Check","ID":"BL_88pahZPVnQke96K","BlockElements":[{"Type":"Question","QuestionID":"QID19"},{"Type":"Question","QuestionID":"QID20"}]},{"Type":"Standard","SubType":"","Description":"Demographic Questions","ID":"BL_6VHtIdENOpiQ43I","BlockElements":[{"Type":"Question","QuestionID":"QID21"},{"Type":"Question","QuestionID":"QID22"},{"Type":"Question","QuestionID":"QID23"},{"Type":"Question","QuestionID":"QID24"},{"Type":"Question","QuestionID":"QID25"},{"Type":"Page Break"},{"Type":"Question","QuestionID":"QID26"},{"Type":"Question","QuestionID":"QID29"}]},{"Type":"Standard","SubType":"","Description":"Attention Check","ID":"BL_8ps6ZKzAhWsRXdI","BlockElements":[{"Type":"Question","QuestionID":"QID30"}]}]},{"SurveyID":"SV_8rl2b3bXMAIGB1k","Element":"FL","PrimaryAttribute":"Survey Flow","SecondaryAttribute":null,"TertiaryAttribute":null,"Payload":{"Type":"Root","FlowID":"FL_1","Flow":[{"Type":"Standard","ID":"BL_e5rsSyD9pUV1gZ8","FlowID":"FL_7","Autofill":[]},{"Type":"EmbeddedData","FlowID":"FL_8","EmbeddedData":[{"Description":"PROLIFIC_PID","Type":"Recipient","Field":"PROLIFIC_PID","VariableType":"String","DataVisibility":[],"AnalyzeText":false},{"Description":"STUDY_ID","Type":"Recipient","Field":"STUDY_ID","VariableType":"String","DataVisibility":[],"AnalyzeText":false},{"Description":"SESSION_ID","Type":"Recipient","Field":"SESSION_ID","VariableType":"String","DataVisibility":[],"AnalyzeText":false}]},{"Type":"Standard","ID":"BL_88pahZPVnQke96K","FlowID":"FL_20","Autofill":[]},{"Type":"BlockRandomizer","FlowID":"FL_17","SubSet":2,"EvenPresentation":true,"Flow":[{"Type":"Block","ID":"BL_6VeA4jk3XyWTtFc","FlowID":"FL_2","Autofill":[]},{"Type":"BlockRandomizer","FlowID":"FL_18","SubSet":3,"EvenPresentation":true,"Flow":[{"Type":"Standard","ID":"BL_b4xIbYzH1onaFo2","FlowID":"FL_3","Autofill":[]},{"Type":"Standard","ID":"BL_6gIBg8XyGaSnJjw","FlowID":"FL_4","Autofill":[]},{"Type":"Standard","ID":"BL_1TcBjVL9OFTouq2","FlowID":"FL_5","Autofill":[]}]}]},{"Type":"Standard","ID":"BL_8ps6ZKzAhWsRXdI","FlowID":"FL_22","Autofill":[]},{"Type":"Standard","ID":"BL_6VHtIdENOpiQ43I","FlowID":"FL_21","Autofill":[]},{"Type":"EndSurvey","FlowID":"FL_19"}],"Properties":{"Count":22,"RemovedFieldsets":[]}}},{"SurveyID":"SV_8rl2b3bXMAIGB1k","Element":"PL","PrimaryAttribute":"Preview Link","SecondaryAttribute":null,"TertiaryAttribute":null,"Payload":{"PreviewType":"Brand","PreviewID":"8f9a207a-1154-40bb-967e-6afde979f69e"}},{"SurveyID":"SV_8rl2b3bXMAIGB1k","Element":"RS","PrimaryAttribute":"RS_9Ntz9P3CcPed7ts","SecondaryAttribute":null,"TertiaryAttribute":null,"Payload":null},{"SurveyID":"SV_8rl2b3bXMAIGB1k","Element":"SO","PrimaryAttribute":"Survey Options","SecondaryAttribute":null,"TertiaryAttribute":null,"Payload":{"BackButton":"false","SaveAndContinue":"true","SurveyProtection":"PublicSurvey","BallotBoxStuffingPrevention":"false","NoIndex":"Yes","SecureResponseFiles":"true","SurveyExpiration":"None","SurveyTermination":"DefaultMessage","Header":"","Footer":"","ProgressBarDisplay":"None","PartialData":"+1 week","ValidationMessage":null,"PreviousButton":"","NextButton":" \u2192 ","SurveyTitle":"Qualtrics Survey | Qualtrics Experience Management","SkinLibrary":"stanforduniversity","SkinType":"templated","Skin":{"brandingId":"5236136929","templateId":"*base","overrides":null},"NewScoring":1,"SurveyMetaDescription":"The most powerful, simple and trusted way to gather experience data. Start your journey to experience management and try a free account today.","CustomStyles":[],"EOSMessage":null,"ShowExportTags":"false","CollectGeoLocation":"false","PasswordProtection":"No","AnonymizeResponse":"No","RefererCheck":"No","BallotBoxStuffingPreventionBehavior":null,"BallotBoxStuffingPreventionMessage":null,"BallotBoxStuffingPreventionMessageLibrary":null,"BallotBoxStuffingPreventionURL":null,"RecaptchaV3":"true","ConfirmStart":false,"AutoConfirmStart":false,"RelevantID":"false","RelevantIDLockoutPeriod":"+30 days","UseCustomSurveyLinkCompletedMessage":null,"SurveyLinkCompletedMessage":null,"SurveyLinkCompletedMessageLibrary":null,"ResponseSummary":"No","EOSMessageLibrary":null,"EOSRedirectURL":null,"EmailThankYou":"false","ThankYouEmailMessageLibrary":null,"ThankYouEmailMessage":null,"ValidateMessage":"false","ValidationMessageLibrary":null,"InactiveSurvey":null,"PartialDeletion":null,"PartialDataCloseAfter":"LastActivity","InactiveMessageLibrary":null,"InactiveMessage":null,"AvailableLanguages":{"EN":[]},"ProtectSelectionIds":true}},{"SurveyID":"SV_8rl2b3bXMAIGB1k","Element":"QGO","PrimaryAttribute":"QGO_QuotaGroupOrder","SecondaryAttribute":null,"TertiaryAttribute":null,"Payload":["QG_eMdGzVvjv4mdRy5"]},{"SurveyID":"SV_8rl2b3bXMAIGB1k","Element":"SCO","PrimaryAttribute":"Scoring","SecondaryAttribute":null,"TertiaryAttribute":null,"Payload":{"ScoringCategories":[{"ID":"SC_6VVWwLr3gBX77IW","Name":"Score","Description":""}],"ScoringCategoryGroups":[],"DefaultScoringCategory":"SC_6VVWwLr3gBX77IW","ScoringSummaryCategory":null,"ScoringSummaryAfterQuestions":0,"ScoringSummaryAfterSurvey":0,"AutoScoringCategory":null}},{"SurveyID":"SV_8rl2b3bXMAIGB1k","Element":"PROJ","PrimaryAttribute":"CORE","SecondaryAttribute":null,"TertiaryAttribute":"1.1.0","Payload":{"ProjectCategory":"CORE","SchemaVersion":"1.1.0"}},{"SurveyID":"SV_8rl2b3bXMAIGB1k","Element":"STAT","PrimaryAttribute":"Survey Statistics","SecondaryAttribute":null,"TertiaryAttribute":null,"Payload":{"MobileCompatible":true,"ID":"Survey Statistics"}},{"SurveyID":"SV_8rl2b3bXMAIGB1k","Element":"QC","PrimaryAttribute":"Survey Question Count","SecondaryAttribute":"31","TertiaryAttribute":null,"Payload":null},{"SurveyID":"SV_8rl2b3bXMAIGB1k","Element":"SQ","PrimaryAttribute":"QID4","SecondaryAttribute":"A farmer had 15 sheep and all but 8 died. How many are left? _____ sheep.","TertiaryAttribute":null,"Payload":{"QuestionText":"A farmer had 15 sheep and all but 8 died. How many are left? _____ sheep.","DefaultChoices":false,"DataExportTag":"CRT_4","QuestionType":"TE","Selector":"SL","Configuration":{"QuestionDescriptionOption":"UseText"},"QuestionDescription":"A farmer had 15 sheep and all but 8 died. How many are left? _____ sheep.","Validation":{"Settings":{"ForceResponse":"OFF","Type":"None"}},"GradingData":[{"Grades":{"SC_6VVWwLr3gBX77IW":"1"},"TextEntry":"8"}],"Language":[],"NextChoiceId":4,"NextAnswerId":1,"SearchSource":{"AllowFreeResponse":"false"},"QuestionID":"QID4","DataVisibility":{"Private":false,"Hidden":false}}},{"SurveyID":"SV_8rl2b3bXMAIGB1k","Element":"SQ","PrimaryAttribute":"QID14","SecondaryAttribute":"A runaway trolley is heading down the tracks toward five railway workmen, who will be killed if t...","TertiaryAttribute":null,"Payload":{"QuestionText":"A runaway trolley is heading down the tracks toward five railway workmen, who will be killed if the trolley proceeds on its present course. Jane is on a footbridge over the tracks, in between the approaching trolley and the five workmen. Next to her on this footbridge is a lone railway workman, who happens to be wearing a large, heavy backpack. The only way to save the lives of the five workmen is for Jane to push the lone workman off the bridge and onto the tracks below, where he and his large backpack will stop the trolley. The lone workman will die if Jane does this, but the five workmen will be saved.","DefaultChoices":false,"DataExportTag":"MDC ","QuestionType":"DB","Selector":"TB","Configuration":{"QuestionDescriptionOption":"UseText"},"QuestionDescription":"A runaway trolley is heading down the tracks toward five railway workmen, who will be killed if t...","ChoiceOrder":[],"Validation":{"Settings":{"Type":"None"}},"GradingData":[],"Language":[],"NextChoiceId":4,"NextAnswerId":1,"QuestionID":"QID14","DataVisibility":{"Private":false,"Hidden":false}}},{"SurveyID":"SV_8rl2b3bXMAIGB1k","Element":"SQ","PrimaryAttribute":"QID21","SecondaryAttribute":"Age","TertiaryAttribute":null,"Payload":{"QuestionText":"Age","DefaultChoices":false,"DataExportTag":"DQ_1 ","QuestionType":"TE","Selector":"SL","Configuration":{"QuestionDescriptionOption":"UseText"},"QuestionDescription":"Age","Validation":{"Settings":{"ForceResponse":"OFF","Type":"None"}},"GradingData":[],"Language":[],"NextChoiceId":4,"NextAnswerId":1,"SearchSource":{"AllowFreeResponse":"false"},"QuestionID":"QID21","DataVisibility":{"Private":false,"Hidden":false}}},{"SurveyID":"SV_8rl2b3bXMAIGB1k","Element":"SQ","PrimaryAttribute":"QID23","SecondaryAttribute":"Annual income","TertiaryAttribute":null,"Payload":{"QuestionText":"Annual income","DefaultChoices":false,"DataExportTag":"DQ_3 ","QuestionType":"MC","Selector":"SAVR","SubSelector":"TX","Configuration":{"QuestionDescriptionOption":"UseText"},"QuestionDescription":"Annual income","Choices":{"1":{"Display":"Less than $10,000"},"2":{"Display":"$10,000 - $19,999"},"3":{"Display":"$20,000 - $29,999"},"4":{"Display":"$30,000 - $39,999"},"5":{"Display":"$40,000 - $49,999"},"6":{"Display":"$50,000 - $74,999"},"7":{"Display":"$75,000 - $99,000"},"8":{"Display":"$100,000 - $199,000"},"9":{"Display":"More than $200,000"}},"ChoiceOrder":[1,2,3,4,5,6,7,8,9],"Validation":{"Settings":{"ForceResponse":"OFF","Type":"None"}},"GradingData":[],"Language":[],"NextChoiceId":10,"NextAnswerId":1,"QuestionID":"QID23","DataVisibility":{"Private":false,"Hidden":false}}},{"SurveyID":"SV_8rl2b3bXMAIGB1k","Element":"SQ","PrimaryAttribute":"QID17","SecondaryAttribute":"By answering the following questions, you are participating in a study being performed by cogniti...","TertiaryAttribute":null,"Payload":{"QuestionText":"By answering the following questions, you are participating in a study being performed by cognitive scientists in the Stanford Department of Psychology. If you have questions about this research, please contact us at stanfordpsych251@gmail.com. You must be at least 18 years old to participate. Your participation in this research is voluntary. You may decline to answer any or all of the following questions. You may decline further participation, at any time, without adverse consequences. Your anonymity is assured; the researchers who have requested your participation will not receive any personal information about you.","DefaultChoices":false,"DataExportTag":"CON","QuestionType":"DB","Selector":"TB","Configuration":{"QuestionDescriptionOption":"UseText"},"QuestionDescription":"By answering the following questions, you are participating in a study being performed by cogniti...","ChoiceOrder":[],"Validation":{"Settings":{"Type":"None"}},"GradingData":[],"Language":[],"NextChoiceId":4,"NextAnswerId":1,"QuestionID":"QID17","DataVisibility":{"Private":false,"Hidden":false}}},{"SurveyID":"SV_8rl2b3bXMAIGB1k","Element":"QG","PrimaryAttribute":"QG_eMdGzVvjv4mdRy5","SecondaryAttribute":"Default Quota Group","TertiaryAttribute":null,"Payload":{"ID":"QG_eMdGzVvjv4mdRy5","Name":"Default Quota Group","Selected":true,"MultipleMatch":"PlaceInAll","Public":false,"Quotas":[]}},{"SurveyID":"SV_8rl2b3bXMAIGB1k","Element":"SQ","PrimaryAttribute":"QID20","SecondaryAttribute":"Do you commit to providing thoughtful answers to the questions in this survey?","TertiaryAttribute":null,"Payload":{"QuestionText":"Do you commit to providing thoughtful answers to the questions in this survey?","DefaultChoices":false,"DataExportTag":"COM_1","QuestionType":"MC","Selector":"SAVR","SubSelector":"TX","Configuration":{"QuestionDescriptionOption":"UseText"},"QuestionDescription":"Do you commit to providing thoughtful answers to the questions in this survey?","Choices":{"1":{"Display":"I can't promise either way"},"2":{"Display":"Yes, I will"},"3":{"Display":"No, I won't"}},"ChoiceOrder":[1,2,3],"Validation":{"Settings":{"ForceResponse":"OFF","Type":"None"}},"GradingData":[],"Language":[],"NextChoiceId":4,"NextAnswerId":1,"QuestionID":"QID20","DataVisibility":{"Private":false,"Hidden":false}}},{"SurveyID":"SV_8rl2b3bXMAIGB1k","Element":"SQ","PrimaryAttribute":"QID10","SecondaryAttribute":"Enemy soldiers have taken over Jane\u2019s village. They have orders to kill all remaining civilians...","TertiaryAttribute":null,"Payload":{"QuestionText":"Enemy soldiers have taken over Jane\u2019s village. They have orders to kill all remaining civilians. Jane and some of her townspeople have sought refuge in the cellar of a large house. Outside they hear the voices of soldiers who have come to search the house for valuables. Jane\u2019s baby begins to cry loudly. She covers his mouth to block the sound. If she removes her hand from his mouth, his crying will summon the attention of the soldiers, who will kill her, her child, and the others hiding out in the cellar. To save herself and the others, she must smother her child to death.","DefaultChoices":false,"DataExportTag":"MDB ","QuestionType":"DB","Selector":"TB","Configuration":{"QuestionDescriptionOption":"UseText"},"QuestionDescription":"Enemy soldiers have taken over Jane\u2019s village. They have orders to kill all remaining civilians....","ChoiceOrder":[],"Validation":{"Settings":{"Type":"None"}},"GradingData":[],"Language":[],"NextChoiceId":4,"NextAnswerId":1,"QuestionID":"QID10","DataVisibility":{"Private":false,"Hidden":false}}},{"SurveyID":"SV_8rl2b3bXMAIGB1k","Element":"SQ","PrimaryAttribute":"QID24","SecondaryAttribute":"Ethnicity","TertiaryAttribute":null,"Payload":{"QuestionText":"Ethnicity","DefaultChoices":false,"DataExportTag":"DQ_4 ","QuestionType":"MC","Selector":"MAVR","SubSelector":"TX","Configuration":{"QuestionDescriptionOption":"UseText"},"QuestionDescription":"Ethnicity","Choices":{"1":{"Display":"White"},"2":{"Display":"Black or African American"},"3":{"Display":"American Indian or Alaska Native"},"4":{"Display":"Asian"},"5":{"Display":"Native Hawaiian or Pacific Islander"},"6":{"Display":"Other","TextEntry":"true"}},"ChoiceOrder":["1","2","3","4","5","6"],"Validation":{"Settings":{"ForceResponse":"OFF","Type":"None"}},"GradingData":[],"Language":[],"NextChoiceId":7,"NextAnswerId":1,"QuestionID":"QID24","DataVisibility":{"Private":false,"Hidden":false}}},{"SurveyID":"SV_8rl2b3bXMAIGB1k","Element":"SQ","PrimaryAttribute":"QID22","SecondaryAttribute":"Gender","TertiaryAttribute":null,"Payload":{"QuestionText":"Gender","DefaultChoices":false,"DataExportTag":"DQ_2 ","QuestionType":"MC","Selector":"SAVR","SubSelector":"TX","Configuration":{"QuestionDescriptionOption":"UseText"},"QuestionDescription":"Gender","Choices":{"1":{"Display":"Male"},"2":{"Display":"Female"},"3":{"Display":"Other","TextEntry":"true"},"4":{"Display":"Prefer not to say"}},"ChoiceOrder":[1,2,3,4],"Validation":{"Settings":{"ForceResponse":"OFF","Type":"None"}},"GradingData":[],"Language":[],"NextChoiceId":5,"NextAnswerId":1,"QuestionID":"QID22","DataVisibility":{"Private":false,"Hidden":false}}},{"SurveyID":"SV_8rl2b3bXMAIGB1k","Element":"SQ","PrimaryAttribute":"QID25","SecondaryAttribute":"Highest Level of Education Completed","TertiaryAttribute":null,"Payload":{"QuestionText":"Highest Level of Education Completed","DefaultChoices":false,"DataExportTag":"DQ_5 ","QuestionType":"MC","Selector":"SAVR","SubSelector":"TX","Configuration":{"QuestionDescriptionOption":"UseText"},"QuestionDescription":"Highest Level of Education Completed","Choices":{"1":{"Display":"Elementary"},"2":{"Display":"High School or GED"},"3":{"Display":"Some College"},"4":{"Display":"Bachelor's Degree"},"5":{"Display":"Master's Degree"},"6":{"Display":"Doctoral Degree"}},"ChoiceOrder":[1,2,3,4,5,6],"Validation":{"Settings":{"ForceResponse":"OFF","Type":"None"}},"GradingData":[],"Language":[],"NextChoiceId":7,"NextAnswerId":1,"QuestionID":"QID25","DataVisibility":{"Private":false,"Hidden":false}}},{"SurveyID":"SV_8rl2b3bXMAIGB1k","Element":"SQ","PrimaryAttribute":"QID16","SecondaryAttribute":"How acceptable is it for Jane to push the lone workman off the bridge?","TertiaryAttribute":null,"Payload":{"QuestionText":"How acceptable is it for Jane to push the lone workman off the bridge?<br>","DefaultChoices":false,"DataExportTag":"MDC_2 ","QuestionType":"Matrix","Selector":"Likert","SubSelector":"SingleAnswer","DataVisibility":{"Private":false,"Hidden":false},"Configuration":{"QuestionDescriptionOption":"UseText","TextPosition":"inline","ChoiceColumnWidth":25,"RepeatHeaders":"middle","WhiteSpace":"OFF","MobileFirst":true},"QuestionDescription":"How acceptable is it for Jane to push the lone workman off the bridge?","Choices":{"1":{"Display":""}},"ChoiceOrder":[1],"Validation":{"Settings":{"ForceResponse":"OFF","Type":"None"}},"GradingData":[{"AnswerID":"1","ChoiceID":"1","Grades":{"SC_6VVWwLr3gBX77IW":"1"},"index":0},{"AnswerID":"2","ChoiceID":"1","Grades":{"SC_6VVWwLr3gBX77IW":"2"},"index":1},{"AnswerID":"3","ChoiceID":"1","Grades":{"SC_6VVWwLr3gBX77IW":"3"},"index":2},{"AnswerID":"4","ChoiceID":"1","Grades":{"SC_6VVWwLr3gBX77IW":"4"},"index":3},{"AnswerID":"5","ChoiceID":"1","Grades":{"SC_6VVWwLr3gBX77IW":"5"},"index":4},{"AnswerID":"6","ChoiceID":"1","Grades":{"SC_6VVWwLr3gBX77IW":"6"},"index":5},{"AnswerID":"7","ChoiceID":"1","Grades":{"SC_6VVWwLr3gBX77IW":"7"},"index":6}],"Language":[],"NextChoiceId":2,"NextAnswerId":6,"Answers":{"1":{"Display":"Completely Unacceptable"},"2":{"Display":"Very Unacceptable"},"3":{"Display":"Unacceptable"},"4":{"Display":"Neutral"},"5":{"Display":"Acceptable"},"6":{"Display":"Very Acceptable"},"7":{"Display":"Completely Acceptable"}},"AnswerOrder":[1,2,3,4,5,6,7],"ChoiceDataExportTags":false,"QuestionID":"QID16","RecodeValues":{"1":"1","2":"2","3":"3","4":"4","5":"5","6":"6","7":"7"}}},{"SurveyID":"SV_8rl2b3bXMAIGB1k","Element":"SQ","PrimaryAttribute":"QID13","SecondaryAttribute":"How acceptable is it for Jane to smother her child to death?","TertiaryAttribute":null,"Payload":{"QuestionText":"How acceptable is it for Jane to smother her child to death?<br><br>","DefaultChoices":false,"DataExportTag":"MDB_2 ","QuestionType":"Matrix","Selector":"Likert","SubSelector":"SingleAnswer","DataVisibility":{"Private":false,"Hidden":false},"Configuration":{"QuestionDescriptionOption":"UseText","TextPosition":"inline","ChoiceColumnWidth":25,"RepeatHeaders":"middle","WhiteSpace":"OFF","MobileFirst":true},"QuestionDescription":"How acceptable is it for Jane to smother her child to death?","Choices":{"1":{"Display":""}},"ChoiceOrder":[1],"Validation":{"Settings":{"ForceResponse":"OFF","Type":"None"}},"GradingData":[{"AnswerID":"1","ChoiceID":"1","Grades":{"SC_6VVWwLr3gBX77IW":"1"},"index":0},{"AnswerID":"2","ChoiceID":"1","Grades":{"SC_6VVWwLr3gBX77IW":"2"},"index":1},{"AnswerID":"3","ChoiceID":"1","Grades":{"SC_6VVWwLr3gBX77IW":"3"},"index":2},{"AnswerID":"4","ChoiceID":"1","Grades":{"SC_6VVWwLr3gBX77IW":"4"},"index":3},{"AnswerID":"5","ChoiceID":"1","Grades":{"SC_6VVWwLr3gBX77IW":"5"},"index":4},{"AnswerID":"6","ChoiceID":"1","Grades":{"SC_6VVWwLr3gBX77IW":"6"},"index":5},{"AnswerID":"7","ChoiceID":"1","Grades":{"SC_6VVWwLr3gBX77IW":"7"},"index":6}],"Language":[],"NextChoiceId":2,"NextAnswerId":6,"Answers":{"1":{"Display":"Completely Unacceptable"},"2":{"Display":"Very Unacceptable"},"3":{"Display":"Unacceptable"},"4":{"Display":"Neutral"},"5":{"Display":"Acceptable"},"6":{"Display":"Very Acceptable"},"7":{"Display":"Completely Acceptable"}},"AnswerOrder":[1,2,3,4,5,6,7],"ChoiceDataExportTags":false,"QuestionID":"QID13","RecodeValues":{"1":"1","2":"2","3":"3","4":"4","5":"5","6":"6","7":"7"}}},{"SurveyID":"SV_8rl2b3bXMAIGB1k","Element":"SQ","PrimaryAttribute":"QID8","SecondaryAttribute":"How acceptable is it for the captain to kill the crewman?","TertiaryAttribute":null,"Payload":{"QuestionText":"How acceptable&nbsp;is it for the captain to kill the crewman?","DefaultChoices":false,"DataExportTag":"MDA_2 ","QuestionID":"QID8","QuestionType":"Matrix","Selector":"Likert","DataVisibility":{"Private":false,"Hidden":false},"Configuration":{"QuestionDescriptionOption":"UseText","TextPosition":"inline","ChoiceColumnWidth":25,"RepeatHeaders":"none","WhiteSpace":"OFF","MobileFirst":true},"QuestionDescription":"How acceptable is it for the captain to kill the crewman?","Choices":{"6":{"Display":""}},"ChoiceOrder":["6"],"Validation":{"Settings":{"EnforceRange":null,"ForceResponse":"OFF","Type":"None"}},"GradingData":[],"Language":[],"NextChoiceId":7,"NextAnswerId":8,"Answers":{"1":{"Display":"Completely Unacceptable"},"2":{"Display":"Very Unacceptable"},"3":{"Display":"Unacceptable"},"4":{"Display":"Neutral"},"5":{"Display":"Acceptable"},"6":{"Display":"Very Acceptable"},"7":{"Display":"Completely Acceptable"}},"AnswerOrder":[1,2,3,4,5,6,7],"ChoiceDataExportTags":false,"AnswerColumns":7,"SubSelector":"SingleAnswer","ClarifyingSymbolType":"None"}},{"SurveyID":"SV_8rl2b3bXMAIGB1k","Element":"SQ","PrimaryAttribute":"QID29","SecondaryAttribute":"How familiar are you with moral dilemmas in this survey?","TertiaryAttribute":null,"Payload":{"QuestionText":"How familiar are you with moral dilemmas in this survey?","DefaultChoices":false,"DataExportTag":"Q29","QuestionType":"Matrix","Selector":"Likert","SubSelector":"SingleAnswer","DataVisibility":{"Private":false,"Hidden":false},"Configuration":{"QuestionDescriptionOption":"UseText","TextPosition":"inline","ChoiceColumnWidth":25,"RepeatHeaders":"none","WhiteSpace":"OFF","MobileFirst":true},"QuestionDescription":"How familiar are you with moral dilemmas in this survey?","Choices":{"1":{"Display":""}},"ChoiceOrder":[1],"Validation":{"Settings":{"ForceResponse":"OFF","Type":"None"}},"GradingData":[],"Language":[],"NextChoiceId":2,"NextAnswerId":4,"Answers":{"1":{"Display":"Not familiar"},"2":{"Display":"They felt familiar"},"3":{"Display":"I have definitely seen these before"}},"AnswerOrder":[1,2,3],"ChoiceDataExportTags":false,"QuestionID":"QID29"}},{"SurveyID":"SV_8rl2b3bXMAIGB1k","Element":"SQ","PrimaryAttribute":"QID26","SecondaryAttribute":"How familiar are you with numerical questions in this survey?","TertiaryAttribute":null,"Payload":{"QuestionText":"How familiar are you with numerical questions in this survey?","DefaultChoices":false,"DataExportTag":"DQ_6 ","QuestionID":"QID26","QuestionType":"Matrix","Selector":"Likert","SubSelector":"SingleAnswer","Configuration":{"QuestionDescriptionOption":"UseText","TextPosition":"inline","ChoiceColumnWidth":25,"RepeatHeaders":"none","WhiteSpace":"OFF","MobileFirst":true},"QuestionDescription":"How familiar are you with numerical questions in this survey?","Choices":{"1":{"Display":""}},"ChoiceOrder":[1],"Validation":{"Settings":{"ForceResponse":"OFF","Type":"None"}},"GradingData":[],"Language":[],"NextChoiceId":2,"NextAnswerId":4,"Answers":{"1":{"Display":"Not familiar"},"2":{"Display":"They felt familiar"},"3":{"Display":"I have definitely seen these before"}},"AnswerOrder":[1,2,3],"ChoiceDataExportTags":false,"DataVisibility":{"Private":false,"Hidden":false}}},{"SurveyID":"SV_8rl2b3bXMAIGB1k","Element":"SQ","PrimaryAttribute":"QID2","SecondaryAttribute":"How many months have 28 days? ____ months.","TertiaryAttribute":null,"Payload":{"QuestionText":"How many months have 28 days? ____ months.","DefaultChoices":false,"DataExportTag":"CRT_3","QuestionType":"TE","Selector":"SL","Configuration":{"QuestionDescriptionOption":"UseText"},"QuestionDescription":"How many months have 28 days? ____ months.","Validation":{"Settings":{"ForceResponse":"OFF","Type":"None"}},"GradingData":[{"Grades":{"SC_6VVWwLr3gBX77IW":"1"},"TextEntry":"0"}],"Language":[],"NextChoiceId":4,"NextAnswerId":1,"SearchSource":{"AllowFreeResponse":"false"},"QuestionID":"QID2","DataVisibility":{"Private":false,"Hidden":false}}},{"SurveyID":"SV_8rl2b3bXMAIGB1k","Element":"SQ","PrimaryAttribute":"QID28","SecondaryAttribute":"How many of each animal did Moses put on the Ark? _____ animals.","TertiaryAttribute":null,"Payload":{"QuestionText":"How many of each animal did Moses put on the Ark? _____ animals.","DefaultChoices":false,"DataExportTag":"CRT_1","QuestionType":"TE","Selector":"SL","Configuration":{"QuestionDescriptionOption":"UseText"},"QuestionDescription":"How many of each animal did Moses put on the Ark? _____ animals.","Validation":{"Settings":{"ForceResponse":"OFF","Type":"None"}},"GradingData":[{"Grades":{"SC_6VVWwLr3gBX77IW":"#"},"TextEntry":"0"}],"Language":[],"NextChoiceId":4,"NextAnswerId":1,"SearchSource":{"AllowFreeResponse":"false"},"QuestionID":"QID28","DataVisibility":{"Private":false,"Hidden":false}}},{"SurveyID":"SV_8rl2b3bXMAIGB1k","Element":"SQ","PrimaryAttribute":"QID1","SecondaryAttribute":"If it takes 10 programmers 10 minutes to make 10 improvements, how long would it take 50 programm...","TertiaryAttribute":null,"Payload":{"QuestionText":"If it takes 10 programmers 10 minutes to make 10 improvements, how long would it take 50 programmers to make 50 improvements? _____ minutes","DefaultChoices":false,"DataExportTag":"CRT_2","QuestionID":"QID1","QuestionType":"TE","Selector":"SL","Configuration":{"QuestionDescriptionOption":"UseText"},"QuestionDescription":"If it takes 10 programmers 10 minutes to make 10 improvements, how long would it take 50 programm...","Validation":{"Settings":{"ForceResponse":"OFF","ForceResponseType":"ON","Type":"None"}},"GradingData":[{"Grades":{"SC_6VVWwLr3gBX77IW":"#"},"TextEntry":"10"}],"Language":[],"NextChoiceId":4,"NextAnswerId":1,"SearchSource":{"AllowFreeResponse":"false"},"DataVisibility":{"Private":false,"Hidden":false}}},{"SurveyID":"SV_8rl2b3bXMAIGB1k","Element":"SQ","PrimaryAttribute":"QID6","SecondaryAttribute":"John is the captain of a military submarine traveling underneath a large iceberg. An onboard expl...","TertiaryAttribute":null,"Payload":{"QuestionText":"John is the captain of a military submarine traveling underneath a large iceberg. An onboard explosion has caused the vessel to lose most of its oxygen supply and has injured a crewman who is quickly losing blood. The injured crewman is going to die from his wounds no matter what happens. The remaining oxygen is not sufficient for the entire crew to make it to the surface. The only way to save the other crew members is for John to shoot dead the injured crewman so that there will be just enough oxygen for the rest of the crew to survive.","DefaultChoices":false,"DataExportTag":"MDA ","QuestionType":"DB","Selector":"TB","Configuration":{"QuestionDescriptionOption":"UseText"},"QuestionDescription":"John is the captain of a military submarine traveling underneath a large iceberg. An onboard expl...","ChoiceOrder":[],"Validation":{"Settings":{"Type":"None"}},"GradingData":[],"Language":[],"NextChoiceId":4,"NextAnswerId":1,"QuestionID":"QID6","DataVisibility":{"Private":false,"Hidden":false}}},{"SurveyID":"SV_8rl2b3bXMAIGB1k","Element":"SQ","PrimaryAttribute":"QID18","SecondaryAttribute":"Read the following questions carefully and take your time with your answers. All questions requir...","TertiaryAttribute":null,"Payload":{"QuestionText":"Read the following questions carefully and take your time with your answers. All questions require numerical answers.","DefaultChoices":false,"DataExportTag":"CRT_0","QuestionType":"DB","Selector":"TB","Configuration":{"QuestionDescriptionOption":"UseText"},"QuestionDescription":"Read the following questions carefully and take your time with your answers. All questions requir...","ChoiceOrder":[],"Validation":{"Settings":{"Type":"None"}},"GradingData":[],"Language":[],"NextChoiceId":4,"NextAnswerId":1,"QuestionID":"QID18","DataVisibility":{"Private":false,"Hidden":false}}},{"SurveyID":"SV_8rl2b3bXMAIGB1k","Element":"SQ","PrimaryAttribute":"QID15","SecondaryAttribute":"Should Jane push the lone workman off the bridge?","TertiaryAttribute":null,"Payload":{"QuestionText":"Should Jane push the lone workman off the bridge?","DefaultChoices":false,"DataExportTag":"MDC_1 ","QuestionType":"MC","Selector":"SAVR","SubSelector":"TX","DataVisibility":{"Private":false,"Hidden":false},"Configuration":{"QuestionDescriptionOption":"UseText","Autoscale":{"YScale":{"Name":"yesNo","Type":"likert","Reverse":true}}},"QuestionDescription":"Should Jane push the lone workman off the bridge?","Choices":{"1":{"Display":"Yes"},"2":{"Display":"No"}},"ChoiceOrder":[1,2],"Validation":{"Settings":{"ForceResponse":"OFF","Type":"None"}},"GradingData":[{"ChoiceID":"1","Grades":{"SC_6VVWwLr3gBX77IW":"1"},"index":0},{"ChoiceID":"2","Grades":{"SC_6VVWwLr3gBX77IW":"0"},"index":1}],"Language":[],"NextChoiceId":3,"NextAnswerId":1,"QuestionID":"QID15"}},{"SurveyID":"SV_8rl2b3bXMAIGB1k","Element":"SQ","PrimaryAttribute":"QID11","SecondaryAttribute":"Should Jane smother her child to death?","TertiaryAttribute":null,"Payload":{"QuestionText":"Should Jane smother her child to death?","DefaultChoices":false,"DataExportTag":"MDB_1 ","QuestionType":"MC","Selector":"SAVR","SubSelector":"TX","Configuration":{"QuestionDescriptionOption":"UseText","Autoscale":{"YScale":{"Name":"yesNo","Type":"likert","Reverse":true}}},"QuestionDescription":"Should Jane smother her child to death?","Choices":{"1":{"Display":"Yes"},"2":{"Display":"No"}},"ChoiceOrder":[1,2],"Validation":{"Settings":{"ForceResponse":"OFF","Type":"None"}},"GradingData":[{"ChoiceID":"1","Grades":{"SC_6VVWwLr3gBX77IW":"1"},"index":0},{"ChoiceID":"2","Grades":{"SC_6VVWwLr3gBX77IW":"0"},"index":1}],"Language":[],"NextChoiceId":3,"NextAnswerId":1,"QuestionID":"QID11","DataVisibility":{"Private":false,"Hidden":false}}},{"SurveyID":"SV_8rl2b3bXMAIGB1k","Element":"SQ","PrimaryAttribute":"QID7","SecondaryAttribute":"Should the captain kill the injured crewman?","TertiaryAttribute":null,"Payload":{"QuestionText":"Should the captain kill the injured crewman?","DefaultChoices":false,"DataExportTag":"MDA_1 ","QuestionType":"MC","Selector":"SAVR","SubSelector":"TX","Configuration":{"QuestionDescriptionOption":"UseText","Autoscale":{"YScale":{"Name":"yesNo","Type":"likert","Reverse":true}}},"QuestionDescription":"Should the captain kill the injured crewman?","Choices":{"1":{"Display":"Yes"},"2":{"Display":"No"}},"ChoiceOrder":[1,2],"Validation":{"Settings":{"ForceResponse":"OFF","Type":"None"}},"GradingData":[{"ChoiceID":"1","Grades":{"SC_6VVWwLr3gBX77IW":"1"},"index":0},{"ChoiceID":"2","Grades":{"SC_6VVWwLr3gBX77IW":"0"},"index":1}],"Language":[],"NextChoiceId":3,"NextAnswerId":1,"QuestionID":"QID7","DataVisibility":{"Private":false,"Hidden":false}}},{"SurveyID":"SV_8rl2b3bXMAIGB1k","Element":"SQ","PrimaryAttribute":"QID3","SecondaryAttribute":"There is a grasshopper crossing a road. With every jump, the distance the grasshopper jumps doubl...","TertiaryAttribute":null,"Payload":{"QuestionText":"There is a grasshopper crossing a road. With every jump, the distance the grasshopper jumps doubles. If it takes 26 jumps for the grasshopper to cross the entire road, how many jumps would it take for the grasshopper to make it halfway across? _____ jumps.","DefaultChoices":false,"DataExportTag":"CRT_5","QuestionType":"TE","Selector":"SL","Configuration":{"QuestionDescriptionOption":"UseText"},"QuestionDescription":"There is a grasshopper crossing a road. With every jump, the distance the grasshopper jumps doubl...","Validation":{"Settings":{"ForceResponse":"OFF","Type":"None"}},"GradingData":[{"Grades":{"SC_6VVWwLr3gBX77IW":"1"},"TextEntry":"25"}],"Language":[],"NextChoiceId":4,"NextAnswerId":1,"SearchSource":{"AllowFreeResponse":"false"},"QuestionID":"QID3","DataVisibility":{"Private":false,"Hidden":false}}},{"SurveyID":"SV_8rl2b3bXMAIGB1k","Element":"SQ","PrimaryAttribute":"QID30","SecondaryAttribute":"This is a simple question. You do not need to have strong opinions about farms or animals to answ...","TertiaryAttribute":null,"Payload":{"QuestionText":"This is a simple question. You do not need to have strong opinions about farms or animals to answer. When asked for your favorite farm animal, please select goat.<br><br>What is your favorite farm animal?<br>","DefaultChoices":false,"DataExportTag":"ATT_1 ","QuestionType":"MC","Selector":"SAVR","SubSelector":"TX","Configuration":{"QuestionDescriptionOption":"UseText"},"QuestionDescription":"This is a simple question. You do not need to have strong opinions about farms or animals to answ...","Choices":{"1":{"Display":"Pig"},"2":{"Display":"Horse"},"3":{"Display":"Cow"},"4":{"Display":"Goat"},"5":{"Display":"Chicken"},"6":{"Display":"Sheep"},"7":{"Display":"Lamb"},"8":{"Display":"Duck"}},"ChoiceOrder":["1","2","3","4","5","6","7","8"],"Validation":{"Settings":{"ForceResponse":"OFF","Type":"None"}},"GradingData":[],"Language":[],"NextChoiceId":9,"NextAnswerId":1,"QuestionID":"QID30"}},{"SurveyID":"SV_8rl2b3bXMAIGB1k","Element":"SQ","PrimaryAttribute":"QID19","SecondaryAttribute":"We care about the quality of our survey data. For us to get the most accurate measures of your op...","TertiaryAttribute":null,"Payload":{"QuestionText":"We care about the quality of our survey data. For us to get the most accurate measures\nof your opinions, it is important that you provide thoughtful answers to each question in\nthis survey.","DefaultChoices":false,"DataExportTag":"COM ","QuestionType":"DB","Selector":"TB","Configuration":{"QuestionDescriptionOption":"UseText"},"QuestionDescription":"We care about the quality of our survey data. For us to get the most accurate measures of your op...","ChoiceOrder":[],"Validation":{"Settings":{"Type":"None"}},"GradingData":[],"Language":[],"NextChoiceId":4,"NextAnswerId":1,"QuestionID":"QID19","DataVisibility":{"Private":false,"Hidden":false}}}]}